
Microsoft Visual Studio Solution File, Format Version 12.00
# Visual Studio Version 17
VisualStudioVersion = 17.7.34221.43
MinimumVisualStudioVersion = 10.0.40219.1
Project("{FAE04EC0-301F-11D3-BF4B-00C04F79EFBC}") = "Okul_Evrak_Sistemi", "Okul_Evrak_Sistemi\Okul_Evrak_Sistemi.csproj", "{99C330FB-3A64-4FB2-B676-9833E3F861ED}"
EndProject
Global
	GlobalSection(SolutionConfigurationPlatforms) = preSolution
		Debug|Any CPU = Debug|Any CPU
		Release|Any CPU = Release|Any CPU
	EndGlobalSection
	GlobalSection(ProjectConfigurationPlatforms) = postSolution
		{99C330FB-3A64-4FB2-B676-9833E3F861ED}.Debug|Any CPU.ActiveCfg = Debug|Any CPU
		{99C330FB-3A64-4FB2-B676-9833E3F861ED}.Debug|Any CPU.Build.0 = Debug|Any CPU
		{99C330FB-3A64-4FB2-B676-9833E3F861ED}.Release|Any CPU.ActiveCfg = Release|Any CPU
		{99C330FB-3A64-4FB2-B676-9833E3F861ED}.Release|Any CPU.Build.0 = Release|Any CPU
	EndGlobalSection
	GlobalSection(SolutionProperties) = preSolution
		HideSolutionNode = FALSE
	EndGlobalSection
	GlobalSection(ExtensibilityGlobals) = postSolution
		SolutionGuid = {B731D799-DC8D-482E-96A4-3DFA28D8C8FB}
	EndGlobalSection
EndGlobal
